
Microsoft Visual Studio Solution File, Format Version 12.00
# Visual Studio Version 17
VisualStudioVersion = 17.7.34024.191
MinimumVisualStudioVersion = 10.0.40219.1
Project("{FAE04EC0-301F-11D3-BF4B-00C04F79EFBC}") = "YourApp", "YourApp.EmailViewer\YourApp.csproj", "{FC1A1BF7-FDF7-4F17-BA25-A34DE36F13A0}"
EndProject
Global
	GlobalSection(SolutionConfigurationPlatforms) = preSolution
		Debug|Any CPU = Debug|Any CPU
		Release|Any CPU = Release|Any CPU
	EndGlobalSection
	GlobalSection(ProjectConfigurationPlatforms) = postSolution
		{FC1A1BF7-FDF7-4F17-BA25-A34DE36F13A0}.Debug|Any CPU.ActiveCfg = Debug|Any CPU
		{FC1A1BF7-FDF7-4F17-BA25-A34DE36F13A0}.Debug|Any CPU.Build.0 = Debug|Any CPU
		{FC1A1BF7-FDF7-4F17-BA25-A34DE36F13A0}.Release|Any CPU.ActiveCfg = Release|Any CPU
		{FC1A1BF7-FDF7-4F17-BA25-A34DE36F13A0}.Release|Any CPU.Build.0 = Release|Any CPU
	EndGlobalSection
	GlobalSection(SolutionProperties) = preSolution
		HideSolutionNode = FALSE
	EndGlobalSection
	GlobalSection(ExtensibilityGlobals) = postSolution
		SolutionGuid = {18B1C392-A7C7-4E89-9804-57F385C0E758}
	EndGlobalSection
EndGlobal
